
Microsoft Visual Studio Solution File, Format Version 12.00
# Visual Studio 15
VisualStudioVersion = 15.0.27428.2037
MinimumVisualStudioVersion = 10.0.40219.1
Project("{FAE04EC0-301F-11D3-BF4B-00C04F79EFBC}") = "SampleWebApp", "SampleWebApp\SampleWebApp.csproj", "{9DFCC313-0597-4D96-9260-5A4910CFFA48}"
EndProject
Global
	GlobalSection(SolutionConfigurationPlatforms) = preSolution
		Debug|Any CPU = Debug|Any CPU
		Release|Any CPU = Release|Any CPU
	EndGlobalSection
	GlobalSection(ProjectConfigurationPlatforms) = postSolution
		{9DFCC313-0597-4D96-9260-5A4910CFFA48}.Debug|Any CPU.ActiveCfg = Debug|Any CPU
		{9DFCC313-0597-4D96-9260-5A4910CFFA48}.Debug|Any CPU.Build.0 = Debug|Any CPU
		{9DFCC313-0597-4D96-9260-5A4910CFFA48}.Release|Any CPU.ActiveCfg = Release|Any CPU
		{9DFCC313-0597-4D96-9260-5A4910CFFA48}.Release|Any CPU.Build.0 = Release|Any CPU
	EndGlobalSection
	GlobalSection(SolutionProperties) = preSolution
		HideSolutionNode = FALSE
	EndGlobalSection
	GlobalSection(ExtensibilityGlobals) = postSolution
		SolutionGuid = {A909D822-ADAD-43A8-89E2-F74BB61BC2D3}
	EndGlobalSection
EndGlobal
